# THIS IS AN AUTOGENERATED FILE. DO NOT EDIT THIS FILE DIRECTLY.
# yarn lockfile v1


bs-platform@^7:
  version "7.0.1"
  resolved "https://registry.yarnpkg.com/bs-platform/-/bs-platform-7.0.1.tgz#1d7b0ef6088b998dceee5db74a7cd8f01c20a3bd"
  integrity sha512-UjStdtHhbtC/l6vKJ1XRDqrPk7rFf5PLYHtRX3akDXEYVnTbN36z0g4DEr5mU8S0N945e33HYts9x+i7hKKpZQ==

decco@^1.1.0:
  version "1.1.0"
  resolved "https://registry.yarnpkg.com/decco/-/decco-1.1.0.tgz#47e185bb194903ef9fa408c95c6c52a82b8adcf6"
  integrity sha512-849wWHIZSh9QdvXne0ULZaWY7eQWg8WH07Wi/zWRgcYxZIgxlJ7C9y1NW2oD4e5xKxRoW2nchE7lZjASx1vBbw==
