# THIS IS AN AUTOGENERATED FILE. DO NOT EDIT THIS FILE DIRECTLY.
# yarn lockfile v1


"@mobily/re-date@^0.9.0":
  version "0.9.0"
  resolved "https://registry.yarnpkg.com/@mobily/re-date/-/re-date-0.9.0.tgz#ca438002d9176592569649dac3ea3b4ec520100f"
  integrity sha512-IP63vMN9Ze2ZLfSSimnodQMcCL1LSFZ3wEpWXZZnGVqngJl5RfORSaXSuFsZmgjrADhYpZ+uoMSrFyWnR/OaQg==

bs-platform@^7:
  version "7.0.1"
  resolved "https://registry.yarnpkg.com/bs-platform/-/bs-platform-7.0.1.tgz#1d7b0ef6088b998dceee5db74a7cd8f01c20a3bd"
  integrity sha512-UjStdtHhbtC/l6vKJ1XRDqrPk7rFf5PLYHtRX3akDXEYVnTbN36z0g4DEr5mU8S0N945e33HYts9x+i7hKKpZQ==
